
Microsoft Visual Studio Solution File, Format Version 12.00
# Visual Studio 15
VisualStudioVersion = 15.0.27130.2027
MinimumVisualStudioVersion = 10.0.40219.1
Project("{FAE04EC0-301F-11D3-BF4B-00C04F79EFBC}") = "NPCPerks", "NPCPerks\NPCPerks.csproj", "{85F942A7-081B-42EB-BFAE-075761DF069E}"
EndProject
Global
	GlobalSection(SolutionConfigurationPlatforms) = preSolution
		Debug|Any CPU = Debug|Any CPU
		Release|Any CPU = Release|Any CPU
	EndGlobalSection
	GlobalSection(ProjectConfigurationPlatforms) = postSolution
		{85F942A7-081B-42EB-BFAE-075761DF069E}.Debug|Any CPU.ActiveCfg = Debug|Any CPU
		{85F942A7-081B-42EB-BFAE-075761DF069E}.Debug|Any CPU.Build.0 = Debug|Any CPU
		{85F942A7-081B-42EB-BFAE-075761DF069E}.Release|Any CPU.ActiveCfg = Release|Any CPU
		{85F942A7-081B-42EB-BFAE-075761DF069E}.Release|Any CPU.Build.0 = Release|Any CPU
	EndGlobalSection
	GlobalSection(SolutionProperties) = preSolution
		HideSolutionNode = FALSE
	EndGlobalSection
	GlobalSection(ExtensibilityGlobals) = postSolution
		SolutionGuid = {D39C059B-663A-400A-AFC9-AEDE79EA0BF7}
	EndGlobalSection
EndGlobal
